
Microsoft Visual Studio Solution File, Format Version 12.00
# Visual Studio Version 17
VisualStudioVersion = 17.8.34330.188
MinimumVisualStudioVersion = 10.0.40219.1
Project("{FAE04EC0-301F-11D3-BF4B-00C04F79EFBC}") = "Kalem", "Kalem\Kalem.csproj", "{EB42E40D-D12C-496E-82AB-9078E4D68A6C}"
EndProject
Global
	GlobalSection(SolutionConfigurationPlatforms) = preSolution
		Debug|Any CPU = Debug|Any CPU
		Release|Any CPU = Release|Any CPU
	EndGlobalSection
	GlobalSection(ProjectConfigurationPlatforms) = postSolution
		{EB42E40D-D12C-496E-82AB-9078E4D68A6C}.Debug|Any CPU.ActiveCfg = Debug|Any CPU
		{EB42E40D-D12C-496E-82AB-9078E4D68A6C}.Debug|Any CPU.Build.0 = Debug|Any CPU
		{EB42E40D-D12C-496E-82AB-9078E4D68A6C}.Release|Any CPU.ActiveCfg = Release|Any CPU
		{EB42E40D-D12C-496E-82AB-9078E4D68A6C}.Release|Any CPU.Build.0 = Release|Any CPU
	EndGlobalSection
	GlobalSection(SolutionProperties) = preSolution
		HideSolutionNode = FALSE
	EndGlobalSection
	GlobalSection(ExtensibilityGlobals) = postSolution
		SolutionGuid = {08EAAFC0-6B87-4132-AE38-47B3A9A0BCCD}
	EndGlobalSection
EndGlobal
